// !$*UTF8*$!
{
	archiveVersion = 1;
	classes = {
	};
	objectVersion = 77;
	objects = {

/* Begin PBXBuildFile section */
		0049A239E19D188C837F9410 /* RootView.swift in Sources */ = {isa = PBXBuildFile; fileRef = 076DE3EF81B74AB26F03B15B /* RootView.swift */; };
		0470085B28F5D42ADB177A11 /* SectionHeader.swift in Sources */ = {isa = PBXBuildFile; fileRef = 1F9B09AF197C42C3EACDB5D2 /* SectionHeader.swift */; };
		079D2AAD77BA52130CEB7AF8 /* PrimaryButton.swift in Sources */ = {isa = PBXBuildFile; fileRef = C54E46B7F6E18B878E34C787 /* PrimaryButton.swift */; };
		08729047B1D354B1DC17AF52 /* DocumentSummary.swift in Sources */ = {isa = PBXBuildFile; fileRef = 18241CB353760329C54CEF60 /* DocumentSummary.swift */; };
		08E9912B79E9627F57B6E058 /* EntitlementStore.swift in Sources */ = {isa = PBXBuildFile; fileRef = 302A948781F51D0F93998212 /* EntitlementStore.swift */; };
		0B64B459013B02514744B287 /* InsecureMarkupSheet.swift in Sources */ = {isa = PBXBuildFile; fileRef = C2FAE009154931BFB29E5B9C /* InsecureMarkupSheet.swift */; };
		0E086A39B162395135B9A046 /* IrreversibilityTests.swift in Sources */ = {isa = PBXBuildFile; fileRef = 1C53F97D2907A7FDC135EA63 /* IrreversibilityTests.swift */; };
		11255DA324FFCA13BD11AF3B /* SecondaryButton.swift in Sources */ = {isa = PBXBuildFile; fileRef = CC3490090B38CC57D4C902E1 /* SecondaryButton.swift */; };
		177AA5B72C11C824C1725C95 /* ExportView.swift in Sources */ = {isa = PBXBuildFile; fileRef = 705436E10559A9115C24A1E0 /* ExportView.swift */; };
		178EE82070DF26780E09D6A1 /* Assets.xcassets in Resources */ = {isa = PBXBuildFile; fileRef = 1D20DF3E00F17FB0B5B33AA4 /* Assets.xcassets */; };
		1B2459C96B47874870776CC0 /* DocumentStore.swift in Sources */ = {isa = PBXBuildFile; fileRef = 321A72B473F738DECA805A30 /* DocumentStore.swift */; };
		1B2C6879CC32BEA9004C467A /* MetadataStripper.swift in Sources */ = {isa = PBXBuildFile; fileRef = 851895A4232CE5EC20B3DDC6 /* MetadataStripper.swift */; };
		1C157FA0EA6EDAB3D4FD4D30 /* ScanlineAnimation.swift in Sources */ = {isa = PBXBuildFile; fileRef = 6353B31D054A012CB4FA8794 /* ScanlineAnimation.swift */; };
		1F635CCE7313013B6B702551 /* DocumentPipeline.swift in Sources */ = {isa = PBXBuildFile; fileRef = 3C514DF7658A17918B7E7EF1 /* DocumentPipeline.swift */; };
		20D15E4F9AAA340283D7BEAF /* PaywallView.swift in Sources */ = {isa = PBXBuildFile; fileRef = 5D05A1734BA29B4F1D1D1828 /* PaywallView.swift */; };
		251B9AACCC178972BB155BC8 /* PatternDetector.swift in Sources */ = {isa = PBXBuildFile; fileRef = E6793A45AD33DA00F1664224 /* PatternDetector.swift */; };
		26D315780D121324DBAB2EAF /* AnnotationAudit.swift in Sources */ = {isa = PBXBuildFile; fileRef = 280387544DEE202334FB0935 /* AnnotationAudit.swift */; };
		2FCCC6D8E883485591FBA71C /* ClassifierGeometryTests.swift in Sources */ = {isa = PBXBuildFile; fileRef = D784FB3767BAD61A16191F5B /* ClassifierGeometryTests.swift */; };
		35382AE292BAAE6B87F02D94 /* Motion.swift in Sources */ = {isa = PBXBuildFile; fileRef = CB939CA9D5C251C965631E4B /* Motion.swift */; };
		3C389C5A377A5E596AF3C25D /* RedactionSession.swift in Sources */ = {isa = PBXBuildFile; fileRef = AA9F6678271D4E358A737B3F /* RedactionSession.swift */; };
		3C608BC32D4BE49897FBC6DC /* RevenueCatUI in Frameworks */ = {isa = PBXBuildFile; productRef = FB67208E878A72C9CC297396 /* RevenueCatUI */; };
		4117086BDE36E49AEBE4F7E1 /* LibraryLayout.swift in Sources */ = {isa = PBXBuildFile; fileRef = C4E8E2C4A6AEC1C50F9BB3F8 /* LibraryLayout.swift */; };
		4517F5D4DF478A4C42F0EC3E /* AmbientBackground.swift in Sources */ = {isa = PBXBuildFile; fileRef = A3EF609D70FA2B0BF14D6F8C /* AmbientBackground.swift */; };
		46AAB29B61D9D214A10C3374 /* AppEnvironment.swift in Sources */ = {isa = PBXBuildFile; fileRef = 6E4B99F2FB5ACD3EE8CE7601 /* AppEnvironment.swift */; };
		48500265BEB7E635D7DA8CD8 /* RevenueCat in Frameworks */ = {isa = PBXBuildFile; productRef = 0F82A31903DFB2DF8DF884D4 /* RevenueCat */; };
		48CBF3808B03A5ACD1814249 /* UsageTracker.swift in Sources */ = {isa = PBXBuildFile; fileRef = DC43EA9DFC083A76C001D160 /* UsageTracker.swift */; };
		4BA084A63F43B2227D822277 /* EntitlementGateway.swift in Sources */ = {isa = PBXBuildFile; fileRef = 58400B34407C9363BE6C778A /* EntitlementGateway.swift */; };
		4E07DBF03BE17D0A712200CA /* LegalLinks.swift in Sources */ = {isa = PBXBuildFile; fileRef = 137736BB711303795E6859A4 /* LegalLinks.swift */; };
		516A92C8B4C3E6BC58B3DA21 /* PaywallExperiment.swift in Sources */ = {isa = PBXBuildFile; fileRef = FACF423E569C6CD93FC81925 /* PaywallExperiment.swift */; };
		583DA9A550B53274D0C3757C /* ProAccess.swift in Sources */ = {isa = PBXBuildFile; fileRef = DB41BA636DE25CF4A411DC6E /* ProAccess.swift */; };
		59FC8E29896A10ECB04E5887 /* TextRecogniser.swift in Sources */ = {isa = PBXBuildFile; fileRef = 672988CAE9A657DF1F72E70B /* TextRecogniser.swift */; };
		5E8E66F4DD784FEA154B658E /* OnboardingState.swift in Sources */ = {isa = PBXBuildFile; fileRef = 6F0E83FE7B5EB93F32C0624C /* OnboardingState.swift */; };
		5ED7C20A21661CE4AE4DA315 /* PatternDetectorTests.swift in Sources */ = {isa = PBXBuildFile; fileRef = 4AB630C2822C7FA96FAA2878 /* PatternDetectorTests.swift */; };
		5F26CB6E84C1B94FC7CFBEE5 /* UndoSnackbar.swift in Sources */ = {isa = PBXBuildFile; fileRef = 60617723B674EBBD72611D63 /* UndoSnackbar.swift */; };
		604078AE4F3D677A6FF92C63 /* DetectionOverlay.swift in Sources */ = {isa = PBXBuildFile; fileRef = 241D7250C013F5E946541AB1 /* DetectionOverlay.swift */; };
		638302E93636E34AC397DDC9 /* AppRoute.swift in Sources */ = {isa = PBXBuildFile; fileRef = 96BADE258E4A696366A6D25B /* AppRoute.swift */; };
		648F4A6BD96552F0516822F2 /* LibraryView.swift in Sources */ = {isa = PBXBuildFile; fileRef = E0F3896E52562470E4AE08C6 /* LibraryView.swift */; };
		6A98F174A54B4A62743BAF86 /* RedactionStyle.swift in Sources */ = {isa = PBXBuildFile; fileRef = EFAB79880CB51AD3304E41DC /* RedactionStyle.swift */; };
		6CE532CE2A686BC629D50FF0 /* PIIClassifier.swift in Sources */ = {isa = PBXBuildFile; fileRef = 46970EDE1E12CF3D5A7BE7F5 /* PIIClassifier.swift */; };
		6CEBC33FE9A03D0F45B97500 /* RevenueCatConfig.swift in Sources */ = {isa = PBXBuildFile; fileRef = E83EAAE67AED49DF9948DDE4 /* RevenueCatConfig.swift */; };
		73C5C089E41618A92B50ABF7 /* FalsePositiveTests.swift in Sources */ = {isa = PBXBuildFile; fileRef = ABE892689AE82318DFAC717D /* FalsePositiveTests.swift */; };
		77C3EAA767EB91ECBD79A26B /* AnnotationAuditTests.swift in Sources */ = {isa = PBXBuildFile; fileRef = DF7BF045870AFB490FB0D6A1 /* AnnotationAuditTests.swift */; };
		79C143127A17C8948659408D /* Typography.swift in Sources */ = {isa = PBXBuildFile; fileRef = 50317239DEBC236D11A65E04 /* Typography.swift */; };
		7AE0F407572250B1F5D4F1FB /* ChecksumTests.swift in Sources */ = {isa = PBXBuildFile; fileRef = 7105B0F407765B678290E453 /* ChecksumTests.swift */; };
		7FDE89A92C3CF013028B8A94 /* ImportPipeline.swift in Sources */ = {isa = PBXBuildFile; fileRef = 0D30D8230AC83CAE19B256A2 /* ImportPipeline.swift */; };
		80741E962758BFBE89EB7D7D /* OnboardingView.swift in Sources */ = {isa = PBXBuildFile; fileRef = 78A79227FC495FEC69A2747D /* OnboardingView.swift */; };
		870E0DA73EF4C19A88905522 /* TokenGallery.swift in Sources */ = {isa = PBXBuildFile; fileRef = A179C602969FE802B85EA799 /* TokenGallery.swift */; };
		8D12F3659A5767855D7563F2 /* DocumentDetailView.swift in Sources */ = {isa = PBXBuildFile; fileRef = 598226FB6B1F44D253E822A9 /* DocumentDetailView.swift */; };
		8F0CEF406087405AE944854B /* BankAccountTests.swift in Sources */ = {isa = PBXBuildFile; fileRef = 771846C6D8B70F880FB044F4 /* BankAccountTests.swift */; };
		941846DA07846A8B37FE5D27 /* PaywallPlanRow.swift in Sources */ = {isa = PBXBuildFile; fileRef = 14F8F61763E8664D6CCD579A /* PaywallPlanRow.swift */; };
		96020E259D78C4B94BCBD556 /* CustomerCenterView.swift in Sources */ = {isa = PBXBuildFile; fileRef = 61DD4C4B53EDEC82E0464037 /* CustomerCenterView.swift */; };
		99BE40BCE63D6BF5C01B3142 /* ThumbnailLoader.swift in Sources */ = {isa = PBXBuildFile; fileRef = 4A4EB539AA16B552F8CB3A00 /* ThumbnailLoader.swift */; };
		9D7EFB30E7C043C07602846B /* EditorGeometry.swift in Sources */ = {isa = PBXBuildFile; fileRef = 0BD2633BAE1576355853FA5B /* EditorGeometry.swift */; };
		9E14C6C3A56CE857CC830994 /* DetectionFixtures.swift in Sources */ = {isa = PBXBuildFile; fileRef = B6724A3B7BF8471482C4216F /* DetectionFixtures.swift */; };
		A86D93BAE87A1BA0DED7D4C5 /* SampleDocumentLeakTests.swift in Sources */ = {isa = PBXBuildFile; fileRef = 9B215FDCECDCCEB933E503CE /* SampleDocumentLeakTests.swift */; };
		AD6413E215481670D3524902 /* Checksums.swift in Sources */ = {isa = PBXBuildFile; fileRef = A27526CBDAFE66B0A49CB53B /* Checksums.swift */; };
		AE16746CF9974554C026F39D /* LabelledFieldDetector.swift in Sources */ = {isa = PBXBuildFile; fileRef = CDEBCBD15A33848EF68D24DE /* LabelledFieldDetector.swift */; };
		AFC0897B4C769B3EE0068DA4 /* Models.swift in Sources */ = {isa = PBXBuildFile; fileRef = 8F2ACDB5D835AE931E6C2F41 /* Models.swift */; };
		B0F1C0C3BE500B0CA9E6A6B6 /* EditorMetrics.swift in Sources */ = {isa = PBXBuildFile; fileRef = 53FA7DA0BD225A1BE8AC28BC /* EditorMetrics.swift */; };
		B4C63A96C50E61B75E31A858 /* EntitlementStoreTests.swift in Sources */ = {isa = PBXBuildFile; fileRef = A3E842892D25B0B01C952CCC /* EntitlementStoreTests.swift */; };
		B87E21333B90476F98E4F02D /* NativePaywallView.swift in Sources */ = {isa = PBXBuildFile; fileRef = A017C5BBBC079DA1D0A91196 /* NativePaywallView.swift */; };
		B8CA07F2B245B813E1E7E9E4 /* FileVault.swift in Sources */ = {isa = PBXBuildFile; fileRef = 38AA49B9C4587A25D4BAF307 /* FileVault.swift */; };
		B936EA3C080B3A360781CA15 /* AuditEntry.swift in Sources */ = {isa = PBXBuildFile; fileRef = A8B04BCC6A573A1948203DB9 /* AuditEntry.swift */; };
		BA8318A7D54C91354F911DED /* RedactionEngine.swift in Sources */ = {isa = PBXBuildFile; fileRef = 940E4BEEF4B32A5181CFF5C9 /* RedactionEngine.swift */; };
		BB08AF7A3D3F1D5A868063C1 /* Tokens.swift in Sources */ = {isa = PBXBuildFile; fileRef = B0622B19BF0E1DD384897BAB /* Tokens.swift */; };
		BD00AD4044F65A21B00403CD /* PaywallLegalFooter.swift in Sources */ = {isa = PBXBuildFile; fileRef = 653AC235EB4E3CBE4F8351E0 /* PaywallLegalFooter.swift */; };
		BDF8FF453298B580AF0FAED8 /* PaywallStore.swift in Sources */ = {isa = PBXBuildFile; fileRef = F92E83EEDFE3D946DAB68604 /* PaywallStore.swift */; };
		C279BA99F009CCB59E5EEC3B /* IconWell.swift in Sources */ = {isa = PBXBuildFile; fileRef = 582812C089373102807F3BA6 /* IconWell.swift */; };
		C7B3879E87EC22F1998E253D /* DocumentCameraView.swift in Sources */ = {isa = PBXBuildFile; fileRef = 78868EC388E464CD21221C57 /* DocumentCameraView.swift */; };
		C7DB3468AD895DFC0F9AA496 /* RouteDestination.swift in Sources */ = {isa = PBXBuildFile; fileRef = 1A4DC48B14B4F5DD013A1BE1 /* RouteDestination.swift */; };
		CA949BFAAE18F122C53300B5 /* LibraryModel.swift in Sources */ = {isa = PBXBuildFile; fileRef = 1BF84190B588A30BD5EBDC29 /* LibraryModel.swift */; };
		CED1C7734E9A43D11E3315F4 /* Surfaces.swift in Sources */ = {isa = PBXBuildFile; fileRef = BD1BEC89DAF7BB866ABE09B7 /* Surfaces.swift */; };
		D12223978041F0CE4F144909 /* PaywallContext.swift in Sources */ = {isa = PBXBuildFile; fileRef = A28CFB404D55BB7D9585679B /* PaywallContext.swift */; };
		D5AC6E997575CE0E96B4DC5D /* LabelledFieldDetectorTests.swift in Sources */ = {isa = PBXBuildFile; fileRef = 22A6793B28E77923ECDBDFA2 /* LabelledFieldDetectorTests.swift */; };
		D809F2770B27E27A38EF4345 /* AboutView.swift in Sources */ = {isa = PBXBuildFile; fileRef = 88657B1F5DA8474CCCD2F509 /* AboutView.swift */; };
		DC1D78A21D2505FAFB5ACF0B /* RedactionRegion.swift in Sources */ = {isa = PBXBuildFile; fileRef = B09B607875A8BCAD0C3AD766 /* RedactionRegion.swift */; };
		DECC3DA29E5C104ADFF22170 /* ManualRegionLayer.swift in Sources */ = {isa = PBXBuildFile; fileRef = 4C3B5553056D467537F8D0A9 /* ManualRegionLayer.swift */; };
		E0C77B19BC81167F1A1B3551 /* DocumentStoreTests.swift in Sources */ = {isa = PBXBuildFile; fileRef = F8549903E1F4AF8D06CA64DE /* DocumentStoreTests.swift */; };
		E8A22A85FE3F62A45A65FF66 /* PaywallPricing.swift in Sources */ = {isa = PBXBuildFile; fileRef = 5DBABA7AB677D694D0379F81 /* PaywallPricing.swift */; };
		E9E08A8E7F9D5C3E23F74A6D /* NameDetector.swift in Sources */ = {isa = PBXBuildFile; fileRef = F93ADD690D6E035A0F13C37A /* NameDetector.swift */; };
		EB70029CA7A393C0EC1E1FF8 /* EditorView.swift in Sources */ = {isa = PBXBuildFile; fileRef = F50EDEEDAC5BC7E9B638BE0E /* EditorView.swift */; };
		EF1677653D5A848AE9246B57 /* ExportPipeline.swift in Sources */ = {isa = PBXBuildFile; fileRef = 9E11F2B4274E5A414718B3BC /* ExportPipeline.swift */; };
		F09FC21AF0BF9C92C2CE5CBF /* PersistenceModels.swift in Sources */ = {isa = PBXBuildFile; fileRef = E118F3E6A2864C339D2C33BD /* PersistenceModels.swift */; };
		F0A25F8E04BF7AC5A1428F40 /* RedactApp.swift in Sources */ = {isa = PBXBuildFile; fileRef = 6665D35A3395DD9A259DE79E /* RedactApp.swift */; };
		F10A34143AD53DF4698DCBC8 /* NameDetectorTests.swift in Sources */ = {isa = PBXBuildFile; fileRef = A00C25BA83CF25E55EAB0D56 /* NameDetectorTests.swift */; };
		F288B1D007D387F1231868AE /* Pill.swift in Sources */ = {isa = PBXBuildFile; fileRef = 219ED7FF3EF77F2BCD9268EA /* Pill.swift */; };
		F3084EB3ABE01ECD4CE4CDF1 /* DocumentAllowance.swift in Sources */ = {isa = PBXBuildFile; fileRef = 6B0C86D269B402FFC1714BB7 /* DocumentAllowance.swift */; };
		F42E6576BE1FDC165D2C7788 /* ScanView.swift in Sources */ = {isa = PBXBuildFile; fileRef = F6024B92C86210255D38FDE4 /* ScanView.swift */; };
		F5E755B7EC81920438AB5A0A /* DesignSystemTests.swift in Sources */ = {isa = PBXBuildFile; fileRef = F59C6FEBABFE6DED3DA9ADAB /* DesignSystemTests.swift */; };
		F7BB07CBA0D01F7AF397ECDF /* SampleDocument.swift in Sources */ = {isa = PBXBuildFile; fileRef = 000CB5C5B1D99F10CB5538C3 /* SampleDocument.swift */; };
		F8C2D24DE81C9D8D6A0C2601 /* DetectionListSheet.swift in Sources */ = {isa = PBXBuildFile; fileRef = C1498534BAE595F9F1A1B690 /* DetectionListSheet.swift */; };
/* End PBXBuildFile section */

/* Begin PBXContainerItemProxy section */
		6B42D6294F50956A9C02C904 /* PBXContainerItemProxy */ = {
			isa = PBXContainerItemProxy;
			containerPortal = BE9646802D791C0F475A9CA6 /* Project object */;
			proxyType = 1;
			remoteGlobalIDString = 14FE87ED5929076E9B69E1D7;
			remoteInfo = RedactApp;
		};
/* End PBXContainerItemProxy section */

/* Begin PBXFileReference section */
		000CB5C5B1D99F10CB5538C3 /* SampleDocument.swift */ = {isa = PBXFileReference; lastKnownFileType = sourcecode.swift; path = SampleDocument.swift; sourceTree = "<group>"; };
		076DE3EF81B74AB26F03B15B /* RootView.swift */ = {isa = PBXFileReference; lastKnownFileType = sourcecode.swift; path = RootView.swift; sourceTree = "<group>"; };
		0BD2633BAE1576355853FA5B /* EditorGeometry.swift */ = {isa = PBXFileReference; lastKnownFileType = sourcecode.swift; path = EditorGeometry.swift; sourceTree = "<group>"; };
		0D30D8230AC83CAE19B256A2 /* ImportPipeline.swift */ = {isa = PBXFileReference; lastKnownFileType = sourcecode.swift; path = ImportPipeline.swift; sourceTree = "<group>"; };
		137736BB711303795E6859A4 /* LegalLinks.swift */ = {isa = PBXFileReference; lastKnownFileType = sourcecode.swift; path = LegalLinks.swift; sourceTree = "<group>"; };
		14F8F61763E8664D6CCD579A /* PaywallPlanRow.swift */ = {isa = PBXFileReference; lastKnownFileType = sourcecode.swift; path = PaywallPlanRow.swift; sourceTree = "<group>"; };
		18241CB353760329C54CEF60 /* DocumentSummary.swift */ = {isa = PBXFileReference; lastKnownFileType = sourcecode.swift; path = DocumentSummary.swift; sourceTree = "<group>"; };
		1A4DC48B14B4F5DD013A1BE1 /* RouteDestination.swift */ = {isa = PBXFileReference; lastKnownFileType = sourcecode.swift; path = RouteDestination.swift; sourceTree = "<group>"; };
		1BF84190B588A30BD5EBDC29 /* LibraryModel.swift */ = {isa = PBXFileReference; lastKnownFileType = sourcecode.swift; path = LibraryModel.swift; sourceTree = "<group>"; };
		1C53F97D2907A7FDC135EA63 /* IrreversibilityTests.swift */ = {isa = PBXFileReference; lastKnownFileType = sourcecode.swift; path = IrreversibilityTests.swift; sourceTree = "<group>"; };
		1D20DF3E00F17FB0B5B33AA4 /* Assets.xcassets */ = {isa = PBXFileReference; lastKnownFileType = folder.assetcatalog; path = Assets.xcassets; sourceTree = "<group>"; };
		1F9B09AF197C42C3EACDB5D2 /* SectionHeader.swift */ = {isa = PBXFileReference; lastKnownFileType = sourcecode.swift; path = SectionHeader.swift; sourceTree = "<group>"; };
		219ED7FF3EF77F2BCD9268EA /* Pill.swift */ = {isa = PBXFileReference; lastKnownFileType = sourcecode.swift; path = Pill.swift; sourceTree = "<group>"; };
		22A6793B28E77923ECDBDFA2 /* LabelledFieldDetectorTests.swift */ = {isa = PBXFileReference; lastKnownFileType = sourcecode.swift; path = LabelledFieldDetectorTests.swift; sourceTree = "<group>"; };
		241D7250C013F5E946541AB1 /* DetectionOverlay.swift */ = {isa = PBXFileReference; lastKnownFileType = sourcecode.swift; path = DetectionOverlay.swift; sourceTree = "<group>"; };
		280387544DEE202334FB0935 /* AnnotationAudit.swift */ = {isa = PBXFileReference; lastKnownFileType = sourcecode.swift; path = AnnotationAudit.swift; sourceTree = "<group>"; };
		302A948781F51D0F93998212 /* EntitlementStore.swift */ = {isa = PBXFileReference; lastKnownFileType = sourcecode.swift; path = EntitlementStore.swift; sourceTree = "<group>"; };
		321A72B473F738DECA805A30 /* DocumentStore.swift */ = {isa = PBXFileReference; lastKnownFileType = sourcecode.swift; path = DocumentStore.swift; sourceTree = "<group>"; };
		38AA49B9C4587A25D4BAF307 /* FileVault.swift */ = {isa = PBXFileReference; lastKnownFileType = sourcecode.swift; path = FileVault.swift; sourceTree = "<group>"; };
		3C514DF7658A17918B7E7EF1 /* DocumentPipeline.swift */ = {isa = PBXFileReference; lastKnownFileType = sourcecode.swift; path = DocumentPipeline.swift; sourceTree = "<group>"; };
		46970EDE1E12CF3D5A7BE7F5 /* PIIClassifier.swift */ = {isa = PBXFileReference; lastKnownFileType = sourcecode.swift; path = PIIClassifier.swift; sourceTree = "<group>"; };
		4A4EB539AA16B552F8CB3A00 /* ThumbnailLoader.swift */ = {isa = PBXFileReference; lastKnownFileType = sourcecode.swift; path = ThumbnailLoader.swift; sourceTree = "<group>"; };
		4AB630C2822C7FA96FAA2878 /* PatternDetectorTests.swift */ = {isa = PBXFileReference; lastKnownFileType = sourcecode.swift; path = PatternDetectorTests.swift; sourceTree = "<group>"; };
		4C3B5553056D467537F8D0A9 /* ManualRegionLayer.swift */ = {isa = PBXFileReference; lastKnownFileType = sourcecode.swift; path = ManualRegionLayer.swift; sourceTree = "<group>"; };
		50317239DEBC236D11A65E04 /* Typography.swift */ = {isa = PBXFileReference; lastKnownFileType = sourcecode.swift; path = Typography.swift; sourceTree = "<group>"; };
		53FA7DA0BD225A1BE8AC28BC /* EditorMetrics.swift */ = {isa = PBXFileReference; lastKnownFileType = sourcecode.swift; path = EditorMetrics.swift; sourceTree = "<group>"; };
		582812C089373102807F3BA6 /* IconWell.swift */ = {isa = PBXFileReference; lastKnownFileType = sourcecode.swift; path = IconWell.swift; sourceTree = "<group>"; };
		58400B34407C9363BE6C778A /* EntitlementGateway.swift */ = {isa = PBXFileReference; lastKnownFileType = sourcecode.swift; path = EntitlementGateway.swift; sourceTree = "<group>"; };
		598226FB6B1F44D253E822A9 /* DocumentDetailView.swift */ = {isa = PBXFileReference; lastKnownFileType = sourcecode.swift; path = DocumentDetailView.swift; sourceTree = "<group>"; };
		5D05A1734BA29B4F1D1D1828 /* PaywallView.swift */ = {isa = PBXFileReference; lastKnownFileType = sourcecode.swift; path = PaywallView.swift; sourceTree = "<group>"; };
		5DBABA7AB677D694D0379F81 /* PaywallPricing.swift */ = {isa = PBXFileReference; lastKnownFileType = sourcecode.swift; path = PaywallPricing.swift; sourceTree = "<group>"; };
		60617723B674EBBD72611D63 /* UndoSnackbar.swift */ = {isa = PBXFileReference; lastKnownFileType = sourcecode.swift; path = UndoSnackbar.swift; sourceTree = "<group>"; };
		61ABBEB0716FCF20CE85F7E9 /* RedactApp.app */ = {isa = PBXFileReference; includeInIndex = 0; lastKnownFileType = wrapper.application; path = RedactApp.app; sourceTree = BUILT_PRODUCTS_DIR; };
		61DD4C4B53EDEC82E0464037 /* CustomerCenterView.swift */ = {isa = PBXFileReference; lastKnownFileType = sourcecode.swift; path = CustomerCenterView.swift; sourceTree = "<group>"; };
		6353B31D054A012CB4FA8794 /* ScanlineAnimation.swift */ = {isa = PBXFileReference; lastKnownFileType = sourcecode.swift; path = ScanlineAnimation.swift; sourceTree = "<group>"; };
		653AC235EB4E3CBE4F8351E0 /* PaywallLegalFooter.swift */ = {isa = PBXFileReference; lastKnownFileType = sourcecode.swift; path = PaywallLegalFooter.swift; sourceTree = "<group>"; };
		6665D35A3395DD9A259DE79E /* RedactApp.swift */ = {isa = PBXFileReference; lastKnownFileType = sourcecode.swift; path = RedactApp.swift; sourceTree = "<group>"; };
		672988CAE9A657DF1F72E70B /* TextRecogniser.swift */ = {isa = PBXFileReference; lastKnownFileType = sourcecode.swift; path = TextRecogniser.swift; sourceTree = "<group>"; };
		6B0C86D269B402FFC1714BB7 /* DocumentAllowance.swift */ = {isa = PBXFileReference; lastKnownFileType = sourcecode.swift; path = DocumentAllowance.swift; sourceTree = "<group>"; };
		6E4B99F2FB5ACD3EE8CE7601 /* AppEnvironment.swift */ = {isa = PBXFileReference; lastKnownFileType = sourcecode.swift; path = AppEnvironment.swift; sourceTree = "<group>"; };
		6F0E83FE7B5EB93F32C0624C /* OnboardingState.swift */ = {isa = PBXFileReference; lastKnownFileType = sourcecode.swift; path = OnboardingState.swift; sourceTree = "<group>"; };
		705436E10559A9115C24A1E0 /* ExportView.swift */ = {isa = PBXFileReference; lastKnownFileType = sourcecode.swift; path = ExportView.swift; sourceTree = "<group>"; };
		7105B0F407765B678290E453 /* ChecksumTests.swift */ = {isa = PBXFileReference; lastKnownFileType = sourcecode.swift; path = ChecksumTests.swift; sourceTree = "<group>"; };
		771846C6D8B70F880FB044F4 /* BankAccountTests.swift */ = {isa = PBXFileReference; lastKnownFileType = sourcecode.swift; path = BankAccountTests.swift; sourceTree = "<group>"; };
		78868EC388E464CD21221C57 /* DocumentCameraView.swift */ = {isa = PBXFileReference; lastKnownFileType = sourcecode.swift; path = DocumentCameraView.swift; sourceTree = "<group>"; };
		78A79227FC495FEC69A2747D /* OnboardingView.swift */ = {isa = PBXFileReference; lastKnownFileType = sourcecode.swift; path = OnboardingView.swift; sourceTree = "<group>"; };
		851895A4232CE5EC20B3DDC6 /* MetadataStripper.swift */ = {isa = PBXFileReference; lastKnownFileType = sourcecode.swift; path = MetadataStripper.swift; sourceTree = "<group>"; };
		88657B1F5DA8474CCCD2F509 /* AboutView.swift */ = {isa = PBXFileReference; lastKnownFileType = sourcecode.swift; path = AboutView.swift; sourceTree = "<group>"; };
		8F2ACDB5D835AE931E6C2F41 /* Models.swift */ = {isa = PBXFileReference; lastKnownFileType = sourcecode.swift; path = Models.swift; sourceTree = "<group>"; };
		940E4BEEF4B32A5181CFF5C9 /* RedactionEngine.swift */ = {isa = PBXFileReference; lastKnownFileType = sourcecode.swift; path = RedactionEngine.swift; sourceTree = "<group>"; };
		96BADE258E4A696366A6D25B /* AppRoute.swift */ = {isa = PBXFileReference; lastKnownFileType = sourcecode.swift; path = AppRoute.swift; sourceTree = "<group>"; };
		9B215FDCECDCCEB933E503CE /* SampleDocumentLeakTests.swift */ = {isa = PBXFileReference; lastKnownFileType = sourcecode.swift; path = SampleDocumentLeakTests.swift; sourceTree = "<group>"; };
		9E11F2B4274E5A414718B3BC /* ExportPipeline.swift */ = {isa = PBXFileReference; lastKnownFileType = sourcecode.swift; path = ExportPipeline.swift; sourceTree = "<group>"; };
		A00C25BA83CF25E55EAB0D56 /* NameDetectorTests.swift */ = {isa = PBXFileReference; lastKnownFileType = sourcecode.swift; path = NameDetectorTests.swift; sourceTree = "<group>"; };
		A017C5BBBC079DA1D0A91196 /* NativePaywallView.swift */ = {isa = PBXFileReference; lastKnownFileType = sourcecode.swift; path = NativePaywallView.swift; sourceTree = "<group>"; };
		A179C602969FE802B85EA799 /* TokenGallery.swift */ = {isa = PBXFileReference; lastKnownFileType = sourcecode.swift; path = TokenGallery.swift; sourceTree = "<group>"; };
		A27526CBDAFE66B0A49CB53B /* Checksums.swift */ = {isa = PBXFileReference; lastKnownFileType = sourcecode.swift; path = Checksums.swift; sourceTree = "<group>"; };
		A28CFB404D55BB7D9585679B /* PaywallContext.swift */ = {isa = PBXFileReference; lastKnownFileType = sourcecode.swift; path = PaywallContext.swift; sourceTree = "<group>"; };
		A3E842892D25B0B01C952CCC /* EntitlementStoreTests.swift */ = {isa = PBXFileReference; lastKnownFileType = sourcecode.swift; path = EntitlementStoreTests.swift; sourceTree = "<group>"; };
		A3EF609D70FA2B0BF14D6F8C /* AmbientBackground.swift */ = {isa = PBXFileReference; lastKnownFileType = sourcecode.swift; path = AmbientBackground.swift; sourceTree = "<group>"; };
		A8B04BCC6A573A1948203DB9 /* AuditEntry.swift */ = {isa = PBXFileReference; lastKnownFileType = sourcecode.swift; path = AuditEntry.swift; sourceTree = "<group>"; };
		AA9F6678271D4E358A737B3F /* RedactionSession.swift */ = {isa = PBXFileReference; lastKnownFileType = sourcecode.swift; path = RedactionSession.swift; sourceTree = "<group>"; };
		ABE892689AE82318DFAC717D /* FalsePositiveTests.swift */ = {isa = PBXFileReference; lastKnownFileType = sourcecode.swift; path = FalsePositiveTests.swift; sourceTree = "<group>"; };
		B0622B19BF0E1DD384897BAB /* Tokens.swift */ = {isa = PBXFileReference; lastKnownFileType = sourcecode.swift; path = Tokens.swift; sourceTree = "<group>"; };
		B09B607875A8BCAD0C3AD766 /* RedactionRegion.swift */ = {isa = PBXFileReference; lastKnownFileType = sourcecode.swift; path = RedactionRegion.swift; sourceTree = "<group>"; };
		B6724A3B7BF8471482C4216F /* DetectionFixtures.swift */ = {isa = PBXFileReference; lastKnownFileType = sourcecode.swift; path = DetectionFixtures.swift; sourceTree = "<group>"; };
		BD1BEC89DAF7BB866ABE09B7 /* Surfaces.swift */ = {isa = PBXFileReference; lastKnownFileType = sourcecode.swift; path = Surfaces.swift; sourceTree = "<group>"; };
		C1498534BAE595F9F1A1B690 /* DetectionListSheet.swift */ = {isa = PBXFileReference; lastKnownFileType = sourcecode.swift; path = DetectionListSheet.swift; sourceTree = "<group>"; };
		C2FAE009154931BFB29E5B9C /* InsecureMarkupSheet.swift */ = {isa = PBXFileReference; lastKnownFileType = sourcecode.swift; path = InsecureMarkupSheet.swift; sourceTree = "<group>"; };
		C4E8E2C4A6AEC1C50F9BB3F8 /* LibraryLayout.swift */ = {isa = PBXFileReference; lastKnownFileType = sourcecode.swift; path = LibraryLayout.swift; sourceTree = "<group>"; };
		C54E46B7F6E18B878E34C787 /* PrimaryButton.swift */ = {isa = PBXFileReference; lastKnownFileType = sourcecode.swift; path = PrimaryButton.swift; sourceTree = "<group>"; };
		CB939CA9D5C251C965631E4B /* Motion.swift */ = {isa = PBXFileReference; lastKnownFileType = sourcecode.swift; path = Motion.swift; sourceTree = "<group>"; };
		CC3490090B38CC57D4C902E1 /* SecondaryButton.swift */ = {isa = PBXFileReference; lastKnownFileType = sourcecode.swift; path = SecondaryButton.swift; sourceTree = "<group>"; };
		CD222FFFF690F997382132C8 /* RedactAppTests.xctest */ = {isa = PBXFileReference; includeInIndex = 0; lastKnownFileType = wrapper.cfbundle; path = RedactAppTests.xctest; sourceTree = BUILT_PRODUCTS_DIR; };
		CDEBCBD15A33848EF68D24DE /* LabelledFieldDetector.swift */ = {isa = PBXFileReference; lastKnownFileType = sourcecode.swift; path = LabelledFieldDetector.swift; sourceTree = "<group>"; };
		D3BFB3D61161C4C431A5F199 /* Info.plist */ = {isa = PBXFileReference; lastKnownFileType = text.plist; path = Info.plist; sourceTree = "<group>"; };
		D784FB3767BAD61A16191F5B /* ClassifierGeometryTests.swift */ = {isa = PBXFileReference; lastKnownFileType = sourcecode.swift; path = ClassifierGeometryTests.swift; sourceTree = "<group>"; };
		DB41BA636DE25CF4A411DC6E /* ProAccess.swift */ = {isa = PBXFileReference; lastKnownFileType = sourcecode.swift; path = ProAccess.swift; sourceTree = "<group>"; };
		DC43EA9DFC083A76C001D160 /* UsageTracker.swift */ = {isa = PBXFileReference; lastKnownFileType = sourcecode.swift; path = UsageTracker.swift; sourceTree = "<group>"; };
		DF7BF045870AFB490FB0D6A1 /* AnnotationAuditTests.swift */ = {isa = PBXFileReference; lastKnownFileType = sourcecode.swift; path = AnnotationAuditTests.swift; sourceTree = "<group>"; };
		E0F3896E52562470E4AE08C6 /* LibraryView.swift */ = {isa = PBXFileReference; lastKnownFileType = sourcecode.swift; path = LibraryView.swift; sourceTree = "<group>"; };
		E118F3E6A2864C339D2C33BD /* PersistenceModels.swift */ = {isa = PBXFileReference; lastKnownFileType = sourcecode.swift; path = PersistenceModels.swift; sourceTree = "<group>"; };
		E6793A45AD33DA00F1664224 /* PatternDetector.swift */ = {isa = PBXFileReference; lastKnownFileType = sourcecode.swift; path = PatternDetector.swift; sourceTree = "<group>"; };
		E83EAAE67AED49DF9948DDE4 /* RevenueCatConfig.swift */ = {isa = PBXFileReference; lastKnownFileType = sourcecode.swift; path = RevenueCatConfig.swift; sourceTree = "<group>"; };
		EFAB79880CB51AD3304E41DC /* RedactionStyle.swift */ = {isa = PBXFileReference; lastKnownFileType = sourcecode.swift; path = RedactionStyle.swift; sourceTree = "<group>"; };
		F50EDEEDAC5BC7E9B638BE0E /* EditorView.swift */ = {isa = PBXFileReference; lastKnownFileType = sourcecode.swift; path = EditorView.swift; sourceTree = "<group>"; };
		F59C6FEBABFE6DED3DA9ADAB /* DesignSystemTests.swift */ = {isa = PBXFileReference; lastKnownFileType = sourcecode.swift; path = DesignSystemTests.swift; sourceTree = "<group>"; };
		F6024B92C86210255D38FDE4 /* ScanView.swift */ = {isa = PBXFileReference; lastKnownFileType = sourcecode.swift; path = ScanView.swift; sourceTree = "<group>"; };
		F8549903E1F4AF8D06CA64DE /* DocumentStoreTests.swift */ = {isa = PBXFileReference; lastKnownFileType = sourcecode.swift; path = DocumentStoreTests.swift; sourceTree = "<group>"; };
		F92E83EEDFE3D946DAB68604 /* PaywallStore.swift */ = {isa = PBXFileReference; lastKnownFileType = sourcecode.swift; path = PaywallStore.swift; sourceTree = "<group>"; };
		F93ADD690D6E035A0F13C37A /* NameDetector.swift */ = {isa = PBXFileReference; lastKnownFileType = sourcecode.swift; path = NameDetector.swift; sourceTree = "<group>"; };
		FACF423E569C6CD93FC81925 /* PaywallExperiment.swift */ = {isa = PBXFileReference; lastKnownFileType = sourcecode.swift; path = PaywallExperiment.swift; sourceTree = "<group>"; };
/* End PBXFileReference section */

/* Begin PBXFrameworksBuildPhase section */
		1232658590039C464F4A164A /* Frameworks */ = {
			isa = PBXFrameworksBuildPhase;
			buildActionMask = 2147483647;
			files = (
				48500265BEB7E635D7DA8CD8 /* RevenueCat in Frameworks */,
				3C608BC32D4BE49897FBC6DC /* RevenueCatUI in Frameworks */,
			);
			runOnlyForDeploymentPostprocessing = 0;
		};
/* End PBXFrameworksBuildPhase section */

/* Begin PBXGroup section */
		044D99ACDEF53D97E5AB43A2 /* Onboarding */ = {
			isa = PBXGroup;
			children = (
				88657B1F5DA8474CCCD2F509 /* AboutView.swift */,
				6F0E83FE7B5EB93F32C0624C /* OnboardingState.swift */,
				78A79227FC495FEC69A2747D /* OnboardingView.swift */,
				000CB5C5B1D99F10CB5538C3 /* SampleDocument.swift */,
			);
			path = Onboarding;
			sourceTree = "<group>";
		};
		1D9E2E81DD75546F8CE10C23 /* DetectionTests */ = {
			isa = PBXGroup;
			children = (
				771846C6D8B70F880FB044F4 /* BankAccountTests.swift */,
				7105B0F407765B678290E453 /* ChecksumTests.swift */,
				D784FB3767BAD61A16191F5B /* ClassifierGeometryTests.swift */,
				B6724A3B7BF8471482C4216F /* DetectionFixtures.swift */,
				ABE892689AE82318DFAC717D /* FalsePositiveTests.swift */,
				22A6793B28E77923ECDBDFA2 /* LabelledFieldDetectorTests.swift */,
				A00C25BA83CF25E55EAB0D56 /* NameDetectorTests.swift */,
				4AB630C2822C7FA96FAA2878 /* PatternDetectorTests.swift */,
			);
			path = DetectionTests;
			sourceTree = "<group>";
		};
		1EC0F6D5750D5F18227EEC17 /* Resources */ = {
			isa = PBXGroup;
			children = (
				1D20DF3E00F17FB0B5B33AA4 /* Assets.xcassets */,
				D3BFB3D61161C4C431A5F199 /* Info.plist */,
			);
			path = Resources;
			sourceTree = "<group>";
		};
		1F023A3E9EA3C6BB833B59C9 /* Paywall */ = {
			isa = PBXGroup;
			children = (
				61DD4C4B53EDEC82E0464037 /* CustomerCenterView.swift */,
				A017C5BBBC079DA1D0A91196 /* NativePaywallView.swift */,
				A28CFB404D55BB7D9585679B /* PaywallContext.swift */,
				FACF423E569C6CD93FC81925 /* PaywallExperiment.swift */,
				653AC235EB4E3CBE4F8351E0 /* PaywallLegalFooter.swift */,
				14F8F61763E8664D6CCD579A /* PaywallPlanRow.swift */,
				5DBABA7AB677D694D0379F81 /* PaywallPricing.swift */,
				F92E83EEDFE3D946DAB68604 /* PaywallStore.swift */,
				5D05A1734BA29B4F1D1D1828 /* PaywallView.swift */,
			);
			path = Paywall;
			sourceTree = "<group>";
		};
		23650A56F5DF8096C698FCD4 /* Persistence */ = {
			isa = PBXGroup;
			children = (
				321A72B473F738DECA805A30 /* DocumentStore.swift */,
				38AA49B9C4587A25D4BAF307 /* FileVault.swift */,
				E118F3E6A2864C339D2C33BD /* PersistenceModels.swift */,
				DC43EA9DFC083A76C001D160 /* UsageTracker.swift */,
			);
			path = Persistence;
			sourceTree = "<group>";
		};
		2854C1FD32C34C043F6B52EE /* Components */ = {
			isa = PBXGroup;
			children = (
				582812C089373102807F3BA6 /* IconWell.swift */,
				219ED7FF3EF77F2BCD9268EA /* Pill.swift */,
				C54E46B7F6E18B878E34C787 /* PrimaryButton.swift */,
				CC3490090B38CC57D4C902E1 /* SecondaryButton.swift */,
				1F9B09AF197C42C3EACDB5D2 /* SectionHeader.swift */,
			);
			path = Components;
			sourceTree = "<group>";
		};
		33CD9069487E3C9AA7366C1D /* RedactionTests */ = {
			isa = PBXGroup;
			children = (
				1C53F97D2907A7FDC135EA63 /* IrreversibilityTests.swift */,
				9B215FDCECDCCEB933E503CE /* SampleDocumentLeakTests.swift */,
			);
			path = RedactionTests;
			sourceTree = "<group>";
		};
		49CE9DC8912AAFEEE85DC746 /* Library */ = {
			isa = PBXGroup;
			children = (
				A8B04BCC6A573A1948203DB9 /* AuditEntry.swift */,
				598226FB6B1F44D253E822A9 /* DocumentDetailView.swift */,
				18241CB353760329C54CEF60 /* DocumentSummary.swift */,
				C4E8E2C4A6AEC1C50F9BB3F8 /* LibraryLayout.swift */,
				1BF84190B588A30BD5EBDC29 /* LibraryModel.swift */,
				E0F3896E52562470E4AE08C6 /* LibraryView.swift */,
				DB41BA636DE25CF4A411DC6E /* ProAccess.swift */,
				4A4EB539AA16B552F8CB3A00 /* ThumbnailLoader.swift */,
				60617723B674EBBD72611D63 /* UndoSnackbar.swift */,
			);
			path = Library;
			sourceTree = "<group>";
		};
		57BFFBDBE2AE755D1681A250 /* ExportTests */ = {
			isa = PBXGroup;
			children = (
				DF7BF045870AFB490FB0D6A1 /* AnnotationAuditTests.swift */,
			);
			path = ExportTests;
			sourceTree = "<group>";
		};
		586BF739AFF3196C58302289 /* Redaction */ = {
			isa = PBXGroup;
			children = (
				851895A4232CE5EC20B3DDC6 /* MetadataStripper.swift */,
				940E4BEEF4B32A5181CFF5C9 /* RedactionEngine.swift */,
				EFAB79880CB51AD3304E41DC /* RedactionStyle.swift */,
			);
			path = Redaction;
			sourceTree = "<group>";
		};
		978A87C81C237B3D881C7908 /* Shared */ = {
			isa = PBXGroup;
			children = (
				96BADE258E4A696366A6D25B /* AppRoute.swift */,
				3C514DF7658A17918B7E7EF1 /* DocumentPipeline.swift */,
				B09B607875A8BCAD0C3AD766 /* RedactionRegion.swift */,
				AA9F6678271D4E358A737B3F /* RedactionSession.swift */,
			);
			path = Shared;
			sourceTree = "<group>";
		};
		9BBEBCFFE21E39DDD5ECDDD9 /* EntitlementTests */ = {
			isa = PBXGroup;
			children = (
				A3E842892D25B0B01C952CCC /* EntitlementStoreTests.swift */,
			);
			path = EntitlementTests;
			sourceTree = "<group>";
		};
		A822F7384D3FA1B7CBA104F3 = {
			isa = PBXGroup;
			children = (
				E97C73DBFEC0801CBBBB46E8 /* RedactApp */,
				FEFAD3323827E47C9C13EEBC /* Tests */,
				C83C077740D49D2BA81E1484 /* Products */,
			);
			sourceTree = "<group>";
		};
		AB430C63DB7E700D79DF3547 /* Export */ = {
			isa = PBXGroup;
			children = (
				280387544DEE202334FB0935 /* AnnotationAudit.swift */,
				9E11F2B4274E5A414718B3BC /* ExportPipeline.swift */,
				705436E10559A9115C24A1E0 /* ExportView.swift */,
				C2FAE009154931BFB29E5B9C /* InsecureMarkupSheet.swift */,
			);
			path = Export;
			sourceTree = "<group>";
		};
		C0DDCB0836F7B39258D95F10 /* DesignSystem */ = {
			isa = PBXGroup;
			children = (
				2854C1FD32C34C043F6B52EE /* Components */,
				A3EF609D70FA2B0BF14D6F8C /* AmbientBackground.swift */,
				CB939CA9D5C251C965631E4B /* Motion.swift */,
				BD1BEC89DAF7BB866ABE09B7 /* Surfaces.swift */,
				A179C602969FE802B85EA799 /* TokenGallery.swift */,
				B0622B19BF0E1DD384897BAB /* Tokens.swift */,
				50317239DEBC236D11A65E04 /* Typography.swift */,
			);
			path = DesignSystem;
			sourceTree = "<group>";
		};
		C4A01B76D09F78E3C72E0C47 /* App */ = {
			isa = PBXGroup;
			children = (
				6E4B99F2FB5ACD3EE8CE7601 /* AppEnvironment.swift */,
				137736BB711303795E6859A4 /* LegalLinks.swift */,
				6665D35A3395DD9A259DE79E /* RedactApp.swift */,
				076DE3EF81B74AB26F03B15B /* RootView.swift */,
				1A4DC48B14B4F5DD013A1BE1 /* RouteDestination.swift */,
			);
			path = App;
			sourceTree = "<group>";
		};
		C5B8E82280D3AEF6533034BC /* Scan */ = {
			isa = PBXGroup;
			children = (
				78868EC388E464CD21221C57 /* DocumentCameraView.swift */,
				0D30D8230AC83CAE19B256A2 /* ImportPipeline.swift */,
				F6024B92C86210255D38FDE4 /* ScanView.swift */,
			);
			path = Scan;
			sourceTree = "<group>";
		};
		C83C077740D49D2BA81E1484 /* Products */ = {
			isa = PBXGroup;
			children = (
				61ABBEB0716FCF20CE85F7E9 /* RedactApp.app */,
				CD222FFFF690F997382132C8 /* RedactAppTests.xctest */,
			);
			name = Products;
			sourceTree = "<group>";
		};
		C8DD751F361E2DE32CBAB9CC /* Detection */ = {
			isa = PBXGroup;
			children = (
				A27526CBDAFE66B0A49CB53B /* Checksums.swift */,
				CDEBCBD15A33848EF68D24DE /* LabelledFieldDetector.swift */,
				8F2ACDB5D835AE931E6C2F41 /* Models.swift */,
				F93ADD690D6E035A0F13C37A /* NameDetector.swift */,
				E6793A45AD33DA00F1664224 /* PatternDetector.swift */,
				46970EDE1E12CF3D5A7BE7F5 /* PIIClassifier.swift */,
				672988CAE9A657DF1F72E70B /* TextRecogniser.swift */,
			);
			path = Detection;
			sourceTree = "<group>";
		};
		CB44A4328A5E4D2EF4AFAE02 /* Core */ = {
			isa = PBXGroup;
			children = (
				C8DD751F361E2DE32CBAB9CC /* Detection */,
				FB41EB57B0A3B51F2987BEE6 /* Entitlements */,
				23650A56F5DF8096C698FCD4 /* Persistence */,
				586BF739AFF3196C58302289 /* Redaction */,
			);
			path = Core;
			sourceTree = "<group>";
		};
		D6A131AE3BC7FF636B3F7CE9 /* Editor */ = {
			isa = PBXGroup;
			children = (
				C1498534BAE595F9F1A1B690 /* DetectionListSheet.swift */,
				241D7250C013F5E946541AB1 /* DetectionOverlay.swift */,
				0BD2633BAE1576355853FA5B /* EditorGeometry.swift */,
				53FA7DA0BD225A1BE8AC28BC /* EditorMetrics.swift */,
				F50EDEEDAC5BC7E9B638BE0E /* EditorView.swift */,
				4C3B5553056D467537F8D0A9 /* ManualRegionLayer.swift */,
				6353B31D054A012CB4FA8794 /* ScanlineAnimation.swift */,
			);
			path = Editor;
			sourceTree = "<group>";
		};
		D9D44A4605FC3B1A98836880 /* Features */ = {
			isa = PBXGroup;
			children = (
				D6A131AE3BC7FF636B3F7CE9 /* Editor */,
				AB430C63DB7E700D79DF3547 /* Export */,
				49CE9DC8912AAFEEE85DC746 /* Library */,
				044D99ACDEF53D97E5AB43A2 /* Onboarding */,
				1F023A3E9EA3C6BB833B59C9 /* Paywall */,
				C5B8E82280D3AEF6533034BC /* Scan */,
				978A87C81C237B3D881C7908 /* Shared */,
			);
			path = Features;
			sourceTree = "<group>";
		};
		E8B691980D378DA10CFFD719 /* PersistenceTests */ = {
			isa = PBXGroup;
			children = (
				F8549903E1F4AF8D06CA64DE /* DocumentStoreTests.swift */,
			);
			path = PersistenceTests;
			sourceTree = "<group>";
		};
		E97C73DBFEC0801CBBBB46E8 /* RedactApp */ = {
			isa = PBXGroup;
			children = (
				C4A01B76D09F78E3C72E0C47 /* App */,
				CB44A4328A5E4D2EF4AFAE02 /* Core */,
				C0DDCB0836F7B39258D95F10 /* DesignSystem */,
				D9D44A4605FC3B1A98836880 /* Features */,
				1EC0F6D5750D5F18227EEC17 /* Resources */,
			);
			path = RedactApp;
			sourceTree = "<group>";
		};
		FB41EB57B0A3B51F2987BEE6 /* Entitlements */ = {
			isa = PBXGroup;
			children = (
				6B0C86D269B402FFC1714BB7 /* DocumentAllowance.swift */,
				58400B34407C9363BE6C778A /* EntitlementGateway.swift */,
				302A948781F51D0F93998212 /* EntitlementStore.swift */,
				E83EAAE67AED49DF9948DDE4 /* RevenueCatConfig.swift */,
			);
			path = Entitlements;
			sourceTree = "<group>";
		};
		FEFAD3323827E47C9C13EEBC /* Tests */ = {
			isa = PBXGroup;
			children = (
				1D9E2E81DD75546F8CE10C23 /* DetectionTests */,
				9BBEBCFFE21E39DDD5ECDDD9 /* EntitlementTests */,
				57BFFBDBE2AE755D1681A250 /* ExportTests */,
				E8B691980D378DA10CFFD719 /* PersistenceTests */,
				33CD9069487E3C9AA7366C1D /* RedactionTests */,
				F59C6FEBABFE6DED3DA9ADAB /* DesignSystemTests.swift */,
			);
			path = Tests;
			sourceTree = "<group>";
		};
/* End PBXGroup section */

/* Begin PBXNativeTarget section */
		14FE87ED5929076E9B69E1D7 /* RedactApp */ = {
			isa = PBXNativeTarget;
			buildConfigurationList = EEF8D3550958F200DE3CBB1B /* Build configuration list for PBXNativeTarget "RedactApp" */;
			buildPhases = (
				263C530ACB4D941A6CEFE4FD /* Sources */,
				C94EDA2F1194424B0C714069 /* Resources */,
				1232658590039C464F4A164A /* Frameworks */,
			);
			buildRules = (
			);
			dependencies = (
			);
			name = RedactApp;
			packageProductDependencies = (
				0F82A31903DFB2DF8DF884D4 /* RevenueCat */,
				FB67208E878A72C9CC297396 /* RevenueCatUI */,
			);
			productName = RedactApp;
			productReference = 61ABBEB0716FCF20CE85F7E9 /* RedactApp.app */;
			productType = "com.apple.product-type.application";
		};
		45F484BA4C82E6CBE9B6623B /* RedactAppTests */ = {
			isa = PBXNativeTarget;
			buildConfigurationList = 1857E6DCFDF81E2213C93EA7 /* Build configuration list for PBXNativeTarget "RedactAppTests" */;
			buildPhases = (
				176352FE1B6A26823435EB73 /* Sources */,
			);
			buildRules = (
			);
			dependencies = (
				75B57D69C203BB7BF7ADDEDB /* PBXTargetDependency */,
			);
			name = RedactAppTests;
			packageProductDependencies = (
			);
			productName = RedactAppTests;
			productReference = CD222FFFF690F997382132C8 /* RedactAppTests.xctest */;
			productType = "com.apple.product-type.bundle.unit-test";
		};
/* End PBXNativeTarget section */

/* Begin PBXProject section */
		BE9646802D791C0F475A9CA6 /* Project object */ = {
			isa = PBXProject;
			attributes = {
				BuildIndependentTargetsInParallel = YES;
				LastUpgradeCheck = 1430;
				TargetAttributes = {
					14FE87ED5929076E9B69E1D7 = {
						DevelopmentTeam = 8837BPRM4M;
						ProvisioningStyle = Automatic;
					};
					45F484BA4C82E6CBE9B6623B = {
						DevelopmentTeam = 8837BPRM4M;
						ProvisioningStyle = Automatic;
					};
				};
			};
			buildConfigurationList = BEE11142BFE9BFC1D8C0C8BC /* Build configuration list for PBXProject "RedactApp" */;
			developmentRegion = en;
			hasScannedForEncodings = 0;
			knownRegions = (
				Base,
				en,
			);
			mainGroup = A822F7384D3FA1B7CBA104F3;
			minimizedProjectReferenceProxies = 1;
			packageReferences = (
				1E1DCFE7C979D886181E2F55 /* XCRemoteSwiftPackageReference "purchases-ios" */,
			);
			preferredProjectObjectVersion = 77;
			productRefGroup = C83C077740D49D2BA81E1484 /* Products */;
			projectDirPath = "";
			projectRoot = "";
			targets = (
				14FE87ED5929076E9B69E1D7 /* RedactApp */,
				45F484BA4C82E6CBE9B6623B /* RedactAppTests */,
			);
		};
/* End PBXProject section */

/* Begin PBXResourcesBuildPhase section */
		C94EDA2F1194424B0C714069 /* Resources */ = {
			isa = PBXResourcesBuildPhase;
			buildActionMask = 2147483647;
			files = (
				178EE82070DF26780E09D6A1 /* Assets.xcassets in Resources */,
			);
			runOnlyForDeploymentPostprocessing = 0;
		};
/* End PBXResourcesBuildPhase section */

/* Begin PBXSourcesBuildPhase section */
		176352FE1B6A26823435EB73 /* Sources */ = {
			isa = PBXSourcesBuildPhase;
			buildActionMask = 2147483647;
			files = (
				77C3EAA767EB91ECBD79A26B /* AnnotationAuditTests.swift in Sources */,
				8F0CEF406087405AE944854B /* BankAccountTests.swift in Sources */,
				7AE0F407572250B1F5D4F1FB /* ChecksumTests.swift in Sources */,
				2FCCC6D8E883485591FBA71C /* ClassifierGeometryTests.swift in Sources */,
				F5E755B7EC81920438AB5A0A /* DesignSystemTests.swift in Sources */,
				9E14C6C3A56CE857CC830994 /* DetectionFixtures.swift in Sources */,
				E0C77B19BC81167F1A1B3551 /* DocumentStoreTests.swift in Sources */,
				B4C63A96C50E61B75E31A858 /* EntitlementStoreTests.swift in Sources */,
				73C5C089E41618A92B50ABF7 /* FalsePositiveTests.swift in Sources */,
				0E086A39B162395135B9A046 /* IrreversibilityTests.swift in Sources */,
				D5AC6E997575CE0E96B4DC5D /* LabelledFieldDetectorTests.swift in Sources */,
				F10A34143AD53DF4698DCBC8 /* NameDetectorTests.swift in Sources */,
				5ED7C20A21661CE4AE4DA315 /* PatternDetectorTests.swift in Sources */,
				A86D93BAE87A1BA0DED7D4C5 /* SampleDocumentLeakTests.swift in Sources */,
			);
			runOnlyForDeploymentPostprocessing = 0;
		};
		263C530ACB4D941A6CEFE4FD /* Sources */ = {
			isa = PBXSourcesBuildPhase;
			buildActionMask = 2147483647;
			files = (
				D809F2770B27E27A38EF4345 /* AboutView.swift in Sources */,
				4517F5D4DF478A4C42F0EC3E /* AmbientBackground.swift in Sources */,
				26D315780D121324DBAB2EAF /* AnnotationAudit.swift in Sources */,
				46AAB29B61D9D214A10C3374 /* AppEnvironment.swift in Sources */,
				638302E93636E34AC397DDC9 /* AppRoute.swift in Sources */,
				B936EA3C080B3A360781CA15 /* AuditEntry.swift in Sources */,
				AD6413E215481670D3524902 /* Checksums.swift in Sources */,
				96020E259D78C4B94BCBD556 /* CustomerCenterView.swift in Sources */,
				F8C2D24DE81C9D8D6A0C2601 /* DetectionListSheet.swift in Sources */,
				604078AE4F3D677A6FF92C63 /* DetectionOverlay.swift in Sources */,
				F3084EB3ABE01ECD4CE4CDF1 /* DocumentAllowance.swift in Sources */,
				C7B3879E87EC22F1998E253D /* DocumentCameraView.swift in Sources */,
				8D12F3659A5767855D7563F2 /* DocumentDetailView.swift in Sources */,
				1F635CCE7313013B6B702551 /* DocumentPipeline.swift in Sources */,
				1B2459C96B47874870776CC0 /* DocumentStore.swift in Sources */,
				08729047B1D354B1DC17AF52 /* DocumentSummary.swift in Sources */,
				9D7EFB30E7C043C07602846B /* EditorGeometry.swift in Sources */,
				B0F1C0C3BE500B0CA9E6A6B6 /* EditorMetrics.swift in Sources */,
				EB70029CA7A393C0EC1E1FF8 /* EditorView.swift in Sources */,
				4BA084A63F43B2227D822277 /* EntitlementGateway.swift in Sources */,
				08E9912B79E9627F57B6E058 /* EntitlementStore.swift in Sources */,
				EF1677653D5A848AE9246B57 /* ExportPipeline.swift in Sources */,
				177AA5B72C11C824C1725C95 /* ExportView.swift in Sources */,
				B8CA07F2B245B813E1E7E9E4 /* FileVault.swift in Sources */,
				C279BA99F009CCB59E5EEC3B /* IconWell.swift in Sources */,
				7FDE89A92C3CF013028B8A94 /* ImportPipeline.swift in Sources */,
				0B64B459013B02514744B287 /* InsecureMarkupSheet.swift in Sources */,
				AE16746CF9974554C026F39D /* LabelledFieldDetector.swift in Sources */,
				4E07DBF03BE17D0A712200CA /* LegalLinks.swift in Sources */,
				4117086BDE36E49AEBE4F7E1 /* LibraryLayout.swift in Sources */,
				CA949BFAAE18F122C53300B5 /* LibraryModel.swift in Sources */,
				648F4A6BD96552F0516822F2 /* LibraryView.swift in Sources */,
				DECC3DA29E5C104ADFF22170 /* ManualRegionLayer.swift in Sources */,
				1B2C6879CC32BEA9004C467A /* MetadataStripper.swift in Sources */,
				AFC0897B4C769B3EE0068DA4 /* Models.swift in Sources */,
				35382AE292BAAE6B87F02D94 /* Motion.swift in Sources */,
				E9E08A8E7F9D5C3E23F74A6D /* NameDetector.swift in Sources */,
				B87E21333B90476F98E4F02D /* NativePaywallView.swift in Sources */,
				5E8E66F4DD784FEA154B658E /* OnboardingState.swift in Sources */,
				80741E962758BFBE89EB7D7D /* OnboardingView.swift in Sources */,
				6CE532CE2A686BC629D50FF0 /* PIIClassifier.swift in Sources */,
				251B9AACCC178972BB155BC8 /* PatternDetector.swift in Sources */,
				D12223978041F0CE4F144909 /* PaywallContext.swift in Sources */,
				516A92C8B4C3E6BC58B3DA21 /* PaywallExperiment.swift in Sources */,
				BD00AD4044F65A21B00403CD /* PaywallLegalFooter.swift in Sources */,
				941846DA07846A8B37FE5D27 /* PaywallPlanRow.swift in Sources */,
				E8A22A85FE3F62A45A65FF66 /* PaywallPricing.swift in Sources */,
				BDF8FF453298B580AF0FAED8 /* PaywallStore.swift in Sources */,
				20D15E4F9AAA340283D7BEAF /* PaywallView.swift in Sources */,
				F09FC21AF0BF9C92C2CE5CBF /* PersistenceModels.swift in Sources */,
				F288B1D007D387F1231868AE /* Pill.swift in Sources */,
				079D2AAD77BA52130CEB7AF8 /* PrimaryButton.swift in Sources */,
				583DA9A550B53274D0C3757C /* ProAccess.swift in Sources */,
				F0A25F8E04BF7AC5A1428F40 /* RedactApp.swift in Sources */,
				BA8318A7D54C91354F911DED /* RedactionEngine.swift in Sources */,
				DC1D78A21D2505FAFB5ACF0B /* RedactionRegion.swift in Sources */,
				3C389C5A377A5E596AF3C25D /* RedactionSession.swift in Sources */,
				6A98F174A54B4A62743BAF86 /* RedactionStyle.swift in Sources */,
				6CEBC33FE9A03D0F45B97500 /* RevenueCatConfig.swift in Sources */,
				0049A239E19D188C837F9410 /* RootView.swift in Sources */,
				C7DB3468AD895DFC0F9AA496 /* RouteDestination.swift in Sources */,
				F7BB07CBA0D01F7AF397ECDF /* SampleDocument.swift in Sources */,
				F42E6576BE1FDC165D2C7788 /* ScanView.swift in Sources */,
				1C157FA0EA6EDAB3D4FD4D30 /* ScanlineAnimation.swift in Sources */,
				11255DA324FFCA13BD11AF3B /* SecondaryButton.swift in Sources */,
				0470085B28F5D42ADB177A11 /* SectionHeader.swift in Sources */,
				CED1C7734E9A43D11E3315F4 /* Surfaces.swift in Sources */,
				59FC8E29896A10ECB04E5887 /* TextRecogniser.swift in Sources */,
				99BE40BCE63D6BF5C01B3142 /* ThumbnailLoader.swift in Sources */,
				870E0DA73EF4C19A88905522 /* TokenGallery.swift in Sources */,
				BB08AF7A3D3F1D5A868063C1 /* Tokens.swift in Sources */,
				79C143127A17C8948659408D /* Typography.swift in Sources */,
				5F26CB6E84C1B94FC7CFBEE5 /* UndoSnackbar.swift in Sources */,
				48CBF3808B03A5ACD1814249 /* UsageTracker.swift in Sources */,
			);
			runOnlyForDeploymentPostprocessing = 0;
		};
/* End PBXSourcesBuildPhase section */

/* Begin PBXTargetDependency section */
		75B57D69C203BB7BF7ADDEDB /* PBXTargetDependency */ = {
			isa = PBXTargetDependency;
			target = 14FE87ED5929076E9B69E1D7 /* RedactApp */;
			targetProxy = 6B42D6294F50956A9C02C904 /* PBXContainerItemProxy */;
		};
/* End PBXTargetDependency section */

/* Begin XCBuildConfiguration section */
		195B108E9CBA6CB6A06B44D5 /* Release */ = {
			isa = XCBuildConfiguration;
			buildSettings = {
				ASSETCATALOG_COMPILER_APPICON_NAME = AppIcon;
				CODE_SIGN_IDENTITY = "iPhone Developer";
				ENABLE_PREVIEWS = YES;
				INFOPLIST_FILE = RedactApp/Resources/Info.plist;
				LD_RUNPATH_SEARCH_PATHS = (
					"$(inherited)",
					"@executable_path/Frameworks",
				);
				PRODUCT_BUNDLE_IDENTIFIER = com.senthilnathanraja.redact;
				SDKROOT = iphoneos;
				SUPPORTS_MACCATALYST = NO;
				TARGETED_DEVICE_FAMILY = "1,2";
				UIUserInterfaceStyle = Dark;
			};
			name = Release;
		};
		2CFC07366194A949AAD300E5 /* Debug */ = {
			isa = XCBuildConfiguration;
			buildSettings = {
				ASSETCATALOG_COMPILER_APPICON_NAME = AppIcon;
				CODE_SIGN_IDENTITY = "iPhone Developer";
				ENABLE_PREVIEWS = YES;
				INFOPLIST_FILE = RedactApp/Resources/Info.plist;
				LD_RUNPATH_SEARCH_PATHS = (
					"$(inherited)",
					"@executable_path/Frameworks",
				);
				PRODUCT_BUNDLE_IDENTIFIER = com.senthilnathanraja.redact;
				SDKROOT = iphoneos;
				SUPPORTS_MACCATALYST = NO;
				TARGETED_DEVICE_FAMILY = "1,2";
				UIUserInterfaceStyle = Dark;
			};
			name = Debug;
		};
		399A69D712EA00D7681EF089 /* Release */ = {
			isa = XCBuildConfiguration;
			buildSettings = {
				ALWAYS_SEARCH_USER_PATHS = NO;
				CLANG_ANALYZER_NONNULL = YES;
				CLANG_ANALYZER_NUMBER_OBJECT_CONVERSION = YES_AGGRESSIVE;
				CLANG_CXX_LANGUAGE_STANDARD = "gnu++14";
				CLANG_CXX_LIBRARY = "libc++";
				CLANG_ENABLE_MODULES = YES;
				CLANG_ENABLE_OBJC_ARC = YES;
				CLANG_ENABLE_OBJC_WEAK = YES;
				CLANG_WARN_BLOCK_CAPTURE_AUTORELEASING = YES;
				CLANG_WARN_BOOL_CONVERSION = YES;
				CLANG_WARN_COMMA = YES;
				CLANG_WARN_CONSTANT_CONVERSION = YES;
				CLANG_WARN_DEPRECATED_OBJC_IMPLEMENTATIONS = YES;
				CLANG_WARN_DIRECT_OBJC_ISA_USAGE = YES_ERROR;
				CLANG_WARN_DOCUMENTATION_COMMENTS = YES;
				CLANG_WARN_EMPTY_BODY = YES;
				CLANG_WARN_ENUM_CONVERSION = YES;
				CLANG_WARN_INFINITE_RECURSION = YES;
				CLANG_WARN_INT_CONVERSION = YES;
				CLANG_WARN_NON_LITERAL_NULL_CONVERSION = YES;
				CLANG_WARN_OBJC_IMPLICIT_RETAIN_SELF = YES;
				CLANG_WARN_OBJC_LITERAL_CONVERSION = YES;
				CLANG_WARN_OBJC_ROOT_CLASS = YES_ERROR;
				CLANG_WARN_QUOTED_INCLUDE_IN_FRAMEWORK_HEADER = YES;
				CLANG_WARN_RANGE_LOOP_ANALYSIS = YES;
				CLANG_WARN_STRICT_PROTOTYPES = YES;
				CLANG_WARN_SUSPICIOUS_MOVE = YES;
				CLANG_WARN_UNGUARDED_AVAILABILITY = YES_AGGRESSIVE;
				CLANG_WARN_UNREACHABLE_CODE = YES;
				CLANG_WARN__DUPLICATE_METHOD_MATCH = YES;
				CODE_SIGN_STYLE = Automatic;
				COPY_PHASE_STRIP = NO;
				CURRENT_PROJECT_VERSION = 1;
				DEBUG_INFORMATION_FORMAT = "dwarf-with-dsym";
				DEVELOPMENT_TEAM = 8837BPRM4M;
				ENABLE_NS_ASSERTIONS = NO;
				ENABLE_STRICT_OBJC_MSGSEND = YES;
				ENABLE_USER_SCRIPT_SANDBOXING = YES;
				GCC_C_LANGUAGE_STANDARD = gnu11;
				GCC_NO_COMMON_BLOCKS = YES;
				GCC_WARN_64_TO_32_BIT_CONVERSION = YES;
				GCC_WARN_ABOUT_RETURN_TYPE = YES_ERROR;
				GCC_WARN_UNDECLARED_SELECTOR = YES;
				GCC_WARN_UNINITIALIZED_AUTOS = YES_AGGRESSIVE;
				GCC_WARN_UNUSED_FUNCTION = YES;
				GCC_WARN_UNUSED_VARIABLE = YES;
				IPHONEOS_DEPLOYMENT_TARGET = 17.0;
				MARKETING_VERSION = 1.0;
				MTL_ENABLE_DEBUG_INFO = NO;
				MTL_FAST_MATH = YES;
				PRODUCT_NAME = "$(TARGET_NAME)";
				SDKROOT = iphoneos;
				SWIFT_COMPILATION_MODE = wholemodule;
				SWIFT_OPTIMIZATION_LEVEL = "-O";
				SWIFT_STRICT_CONCURRENCY = complete;
				SWIFT_VERSION = 6.0;
			};
			name = Release;
		};
		54EACA5DD4A0C6726E9643A1 /* Debug */ = {
			isa = XCBuildConfiguration;
			buildSettings = {
				BUNDLE_LOADER = "$(TEST_HOST)";
				GENERATE_INFOPLIST_FILE = YES;
				LD_RUNPATH_SEARCH_PATHS = (
					"$(inherited)",
					"@executable_path/Frameworks",
					"@loader_path/Frameworks",
				);
				PRODUCT_BUNDLE_IDENTIFIER = com.senthilnathanraja.RedactAppTests;
				SDKROOT = iphoneos;
				TARGETED_DEVICE_FAMILY = "1,2";
				TEST_HOST = "$(BUILT_PRODUCTS_DIR)/RedactApp.app/RedactApp";
			};
			name = Debug;
		};
		CF57D58551FDC3FAEABB09C3 /* Debug */ = {
			isa = XCBuildConfiguration;
			buildSettings = {
				ALWAYS_SEARCH_USER_PATHS = NO;
				CLANG_ANALYZER_NONNULL = YES;
				CLANG_ANALYZER_NUMBER_OBJECT_CONVERSION = YES_AGGRESSIVE;
				CLANG_CXX_LANGUAGE_STANDARD = "gnu++14";
				CLANG_CXX_LIBRARY = "libc++";
				CLANG_ENABLE_MODULES = YES;
				CLANG_ENABLE_OBJC_ARC = YES;
				CLANG_ENABLE_OBJC_WEAK = YES;
				CLANG_WARN_BLOCK_CAPTURE_AUTORELEASING = YES;
				CLANG_WARN_BOOL_CONVERSION = YES;
				CLANG_WARN_COMMA = YES;
				CLANG_WARN_CONSTANT_CONVERSION = YES;
				CLANG_WARN_DEPRECATED_OBJC_IMPLEMENTATIONS = YES;
				CLANG_WARN_DIRECT_OBJC_ISA_USAGE = YES_ERROR;
				CLANG_WARN_DOCUMENTATION_COMMENTS = YES;
				CLANG_WARN_EMPTY_BODY = YES;
				CLANG_WARN_ENUM_CONVERSION = YES;
				CLANG_WARN_INFINITE_RECURSION = YES;
				CLANG_WARN_INT_CONVERSION = YES;
				CLANG_WARN_NON_LITERAL_NULL_CONVERSION = YES;
				CLANG_WARN_OBJC_IMPLICIT_RETAIN_SELF = YES;
				CLANG_WARN_OBJC_LITERAL_CONVERSION = YES;
				CLANG_WARN_OBJC_ROOT_CLASS = YES_ERROR;
				CLANG_WARN_QUOTED_INCLUDE_IN_FRAMEWORK_HEADER = YES;
				CLANG_WARN_RANGE_LOOP_ANALYSIS = YES;
				CLANG_WARN_STRICT_PROTOTYPES = YES;
				CLANG_WARN_SUSPICIOUS_MOVE = YES;
				CLANG_WARN_UNGUARDED_AVAILABILITY = YES_AGGRESSIVE;
				CLANG_WARN_UNREACHABLE_CODE = YES;
				CLANG_WARN__DUPLICATE_METHOD_MATCH = YES;
				CODE_SIGN_STYLE = Automatic;
				COPY_PHASE_STRIP = NO;
				CURRENT_PROJECT_VERSION = 1;
				DEBUG_INFORMATION_FORMAT = dwarf;
				DEVELOPMENT_TEAM = 8837BPRM4M;
				ENABLE_STRICT_OBJC_MSGSEND = YES;
				ENABLE_TESTABILITY = YES;
				ENABLE_USER_SCRIPT_SANDBOXING = YES;
				GCC_C_LANGUAGE_STANDARD = gnu11;
				GCC_DYNAMIC_NO_PIC = NO;
				GCC_NO_COMMON_BLOCKS = YES;
				GCC_OPTIMIZATION_LEVEL = 0;
				GCC_PREPROCESSOR_DEFINITIONS = (
					"$(inherited)",
					"DEBUG=1",
				);
				GCC_WARN_64_TO_32_BIT_CONVERSION = YES;
				GCC_WARN_ABOUT_RETURN_TYPE = YES_ERROR;
				GCC_WARN_UNDECLARED_SELECTOR = YES;
				GCC_WARN_UNINITIALIZED_AUTOS = YES_AGGRESSIVE;
				GCC_WARN_UNUSED_FUNCTION = YES;
				GCC_WARN_UNUSED_VARIABLE = YES;
				IPHONEOS_DEPLOYMENT_TARGET = 17.0;
				MARKETING_VERSION = 1.0;
				MTL_ENABLE_DEBUG_INFO = INCLUDE_SOURCE;
				MTL_FAST_MATH = YES;
				ONLY_ACTIVE_ARCH = YES;
				PRODUCT_NAME = "$(TARGET_NAME)";
				SDKROOT = iphoneos;
				SWIFT_ACTIVE_COMPILATION_CONDITIONS = DEBUG;
				SWIFT_OPTIMIZATION_LEVEL = "-Onone";
				SWIFT_STRICT_CONCURRENCY = complete;
				SWIFT_VERSION = 6.0;
			};
			name = Debug;
		};
		DB1B5E7CF9D425A857DC5F74 /* Release */ = {
			isa = XCBuildConfiguration;
			buildSettings = {
				BUNDLE_LOADER = "$(TEST_HOST)";
				GENERATE_INFOPLIST_FILE = YES;
				LD_RUNPATH_SEARCH_PATHS = (
					"$(inherited)",
					"@executable_path/Frameworks",
					"@loader_path/Frameworks",
				);
				PRODUCT_BUNDLE_IDENTIFIER = com.senthilnathanraja.RedactAppTests;
				SDKROOT = iphoneos;
				TARGETED_DEVICE_FAMILY = "1,2";
				TEST_HOST = "$(BUILT_PRODUCTS_DIR)/RedactApp.app/RedactApp";
			};
			name = Release;
		};
/* End XCBuildConfiguration section */

/* Begin XCConfigurationList section */
		1857E6DCFDF81E2213C93EA7 /* Build configuration list for PBXNativeTarget "RedactAppTests" */ = {
			isa = XCConfigurationList;
			buildConfigurations = (
				54EACA5DD4A0C6726E9643A1 /* Debug */,
				DB1B5E7CF9D425A857DC5F74 /* Release */,
			);
			defaultConfigurationIsVisible = 0;
			defaultConfigurationName = Debug;
		};
		BEE11142BFE9BFC1D8C0C8BC /* Build configuration list for PBXProject "RedactApp" */ = {
			isa = XCConfigurationList;
			buildConfigurations = (
				CF57D58551FDC3FAEABB09C3 /* Debug */,
				399A69D712EA00D7681EF089 /* Release */,
			);
			defaultConfigurationIsVisible = 0;
			defaultConfigurationName = Debug;
		};
		EEF8D3550958F200DE3CBB1B /* Build configuration list for PBXNativeTarget "RedactApp" */ = {
			isa = XCConfigurationList;
			buildConfigurations = (
				2CFC07366194A949AAD300E5 /* Debug */,
				195B108E9CBA6CB6A06B44D5 /* Release */,
			);
			defaultConfigurationIsVisible = 0;
			defaultConfigurationName = Debug;
		};
/* End XCConfigurationList section */

/* Begin XCRemoteSwiftPackageReference section */
		1E1DCFE7C979D886181E2F55 /* XCRemoteSwiftPackageReference "purchases-ios" */ = {
			isa = XCRemoteSwiftPackageReference;
			repositoryURL = "https://github.com/RevenueCat/purchases-ios";
			requirement = {
				kind = upToNextMajorVersion;
				minimumVersion = 5.0.0;
			};
		};
/* End XCRemoteSwiftPackageReference section */

/* Begin XCSwiftPackageProductDependency section */
		0F82A31903DFB2DF8DF884D4 /* RevenueCat */ = {
			isa = XCSwiftPackageProductDependency;
			package = 1E1DCFE7C979D886181E2F55 /* XCRemoteSwiftPackageReference "purchases-ios" */;
			productName = RevenueCat;
		};
		FB67208E878A72C9CC297396 /* RevenueCatUI */ = {
			isa = XCSwiftPackageProductDependency;
			package = 1E1DCFE7C979D886181E2F55 /* XCRemoteSwiftPackageReference "purchases-ios" */;
			productName = RevenueCatUI;
		};
/* End XCSwiftPackageProductDependency section */
	};
	rootObject = BE9646802D791C0F475A9CA6 /* Project object */;
}
